{
  "nodes": {
    "nixpkgs": {
      "locked": {
        "lastModified": 1639476504,
        "narHash": "sha256-dnMmfA+UCeDyx66c2P5pIpWAc6aChIFnn+kWh/Aqf94=",
        "type": "tarball",
        "url": "https://github.com/NixOS/nixpkgs/archive/2c2a09678ce2ce4125591ac4fe2f7dfaec7a609c.tar.gz"
      },
      "original": {
        "type": "tarball",
        "url": "https://github.com/NixOS/nixpkgs/archive/2c2a09678ce2ce4125591ac4fe2f7dfaec7a609c.tar.gz"
      }
    },
    "root": {
      "inputs": {
        "nixpkgs": "nixpkgs"
      }
    }
  },
  "root": "root",
  "version": 7
}
